
Microsoft Visual Studio Solution File, Format Version 12.00
# Visual Studio Version 17
VisualStudioVersion = 17.3.32825.248
MinimumVisualStudioVersion = 10.0.40219.1
Project("{9A19103F-16F7-4668-BE54-9A1E7A4F7556}") = "BookExcercise", "BookExcercise\BookExcercise.csproj", "{01485939-2137-47BD-9E5C-75FB9068F19A}"
EndProject
Project("{9A19103F-16F7-4668-BE54-9A1E7A4F7556}") = "CarExcercise", "CarExcercise\CarExcercise.csproj", "{8910C16F-1DED-4E47-8A50-9E941356DAA4}"
EndProject
Project("{9A19103F-16F7-4668-BE54-9A1E7A4F7556}") = "CompanyExcercise", "CompanyExcercise\CompanyExcercise.csproj", "{6B918EC0-ECEF-4AFC-9D25-004AF919EC9A}"
EndProject
Project("{9A19103F-16F7-4668-BE54-9A1E7A4F7556}") = "EmployeeExcercise", "Employee\EmployeeExcercise.csproj", "{95F20B6B-D357-4829-B398-F88355AF9DBF}"
EndProject
Project("{9A19103F-16F7-4668-BE54-9A1E7A4F7556}") = "BookExcercise3", "BookExcercise3\BookExcercise3.csproj", "{271EF16F-5498-4388-B2F1-9B5F3F7C6C4F}"
EndProject
Project("{9A19103F-16F7-4668-BE54-9A1E7A4F7556}") = "VehicleExcercise", "Vehicle\VehicleExcercise.csproj", "{4DC496FC-5FCB-4D7E-B9B3-8D5F48175764}"
EndProject
Project("{9A19103F-16F7-4668-BE54-9A1E7A4F7556}") = "InterfaceExcercise", "InterfaceExcercise\InterfaceExcercise.csproj", "{F7DDC0A2-9A8E-468D-A484-63B308A5C9DD}"
EndProject
Project("{FAE04EC0-301F-11D3-BF4B-00C04F79EFBC}") = "SortExcercise", "SortExcercise\SortExcercise.csproj", "{5213184A-6208-4452-9CD3-44C34BEF698C}"
EndProject
Global
	GlobalSection(SolutionConfigurationPlatforms) = preSolution
		Debug|Any CPU = Debug|Any CPU
		Release|Any CPU = Release|Any CPU
	EndGlobalSection
	GlobalSection(ProjectConfigurationPlatforms) = postSolution
		{01485939-2137-47BD-9E5C-75FB9068F19A}.Debug|Any CPU.ActiveCfg = Debug|Any CPU
		{01485939-2137-47BD-9E5C-75FB9068F19A}.Debug|Any CPU.Build.0 = Debug|Any CPU
		{01485939-2137-47BD-9E5C-75FB9068F19A}.Release|Any CPU.ActiveCfg = Release|Any CPU
		{01485939-2137-47BD-9E5C-75FB9068F19A}.Release|Any CPU.Build.0 = Release|Any CPU
		{8910C16F-1DED-4E47-8A50-9E941356DAA4}.Debug|Any CPU.ActiveCfg = Debug|Any CPU
		{8910C16F-1DED-4E47-8A50-9E941356DAA4}.Debug|Any CPU.Build.0 = Debug|Any CPU
		{8910C16F-1DED-4E47-8A50-9E941356DAA4}.Release|Any CPU.ActiveCfg = Release|Any CPU
		{8910C16F-1DED-4E47-8A50-9E941356DAA4}.Release|Any CPU.Build.0 = Release|Any CPU
		{6B918EC0-ECEF-4AFC-9D25-004AF919EC9A}.Debug|Any CPU.ActiveCfg = Debug|Any CPU
		{6B918EC0-ECEF-4AFC-9D25-004AF919EC9A}.Debug|Any CPU.Build.0 = Debug|Any CPU
		{6B918EC0-ECEF-4AFC-9D25-004AF919EC9A}.Release|Any CPU.ActiveCfg = Release|Any CPU
		{6B918EC0-ECEF-4AFC-9D25-004AF919EC9A}.Release|Any CPU.Build.0 = Release|Any CPU
		{95F20B6B-D357-4829-B398-F88355AF9DBF}.Debug|Any CPU.ActiveCfg = Debug|Any CPU
		{95F20B6B-D357-4829-B398-F88355AF9DBF}.Debug|Any CPU.Build.0 = Debug|Any CPU
		{95F20B6B-D357-4829-B398-F88355AF9DBF}.Release|Any CPU.ActiveCfg = Release|Any CPU
		{95F20B6B-D357-4829-B398-F88355AF9DBF}.Release|Any CPU.Build.0 = Release|Any CPU
		{271EF16F-5498-4388-B2F1-9B5F3F7C6C4F}.Debug|Any CPU.ActiveCfg = Debug|Any CPU
		{271EF16F-5498-4388-B2F1-9B5F3F7C6C4F}.Debug|Any CPU.Build.0 = Debug|Any CPU
		{271EF16F-5498-4388-B2F1-9B5F3F7C6C4F}.Release|Any CPU.ActiveCfg = Release|Any CPU
		{271EF16F-5498-4388-B2F1-9B5F3F7C6C4F}.Release|Any CPU.Build.0 = Release|Any CPU
		{4DC496FC-5FCB-4D7E-B9B3-8D5F48175764}.Debug|Any CPU.ActiveCfg = Debug|Any CPU
		{4DC496FC-5FCB-4D7E-B9B3-8D5F48175764}.Debug|Any CPU.Build.0 = Debug|Any CPU
		{4DC496FC-5FCB-4D7E-B9B3-8D5F48175764}.Release|Any CPU.ActiveCfg = Release|Any CPU
		{4DC496FC-5FCB-4D7E-B9B3-8D5F48175764}.Release|Any CPU.Build.0 = Release|Any CPU
		{F7DDC0A2-9A8E-468D-A484-63B308A5C9DD}.Debug|Any CPU.ActiveCfg = Debug|Any CPU
		{F7DDC0A2-9A8E-468D-A484-63B308A5C9DD}.Debug|Any CPU.Build.0 = Debug|Any CPU
		{F7DDC0A2-9A8E-468D-A484-63B308A5C9DD}.Release|Any CPU.ActiveCfg = Release|Any CPU
		{F7DDC0A2-9A8E-468D-A484-63B308A5C9DD}.Release|Any CPU.Build.0 = Release|Any CPU
		{5213184A-6208-4452-9CD3-44C34BEF698C}.Debug|Any CPU.ActiveCfg = Debug|Any CPU
		{5213184A-6208-4452-9CD3-44C34BEF698C}.Debug|Any CPU.Build.0 = Debug|Any CPU
		{5213184A-6208-4452-9CD3-44C34BEF698C}.Release|Any CPU.ActiveCfg = Release|Any CPU
		{5213184A-6208-4452-9CD3-44C34BEF698C}.Release|Any CPU.Build.0 = Release|Any CPU
	EndGlobalSection
	GlobalSection(SolutionProperties) = preSolution
		HideSolutionNode = FALSE
	EndGlobalSection
	GlobalSection(ExtensibilityGlobals) = postSolution
		SolutionGuid = {617A05B7-F11E-43D2-9172-A88A53B159A0}
	EndGlobalSection
EndGlobal
